
Microsoft Visual Studio Solution File, Format Version 12.00
# Visual Studio Version 16
VisualStudioVersion = 16.0.31702.278
MinimumVisualStudioVersion = 10.0.40219.1
Project("{FAE04EC0-301F-11D3-BF4B-00C04F79EFBC}") = "17. Fruit Shop", "17. Fruit Shop\17. Fruit Shop.csproj", "{DED0B087-D2A0-4DC1-B6AB-AA8A3A9BECC0}"
EndProject
Global
	GlobalSection(SolutionConfigurationPlatforms) = preSolution
		Debug|Any CPU = Debug|Any CPU
		Release|Any CPU = Release|Any CPU
	EndGlobalSection
	GlobalSection(ProjectConfigurationPlatforms) = postSolution
		{DED0B087-D2A0-4DC1-B6AB-AA8A3A9BECC0}.Debug|Any CPU.ActiveCfg = Debug|Any CPU
		{DED0B087-D2A0-4DC1-B6AB-AA8A3A9BECC0}.Debug|Any CPU.Build.0 = Debug|Any CPU
		{DED0B087-D2A0-4DC1-B6AB-AA8A3A9BECC0}.Release|Any CPU.ActiveCfg = Release|Any CPU
		{DED0B087-D2A0-4DC1-B6AB-AA8A3A9BECC0}.Release|Any CPU.Build.0 = Release|Any CPU
	EndGlobalSection
	GlobalSection(SolutionProperties) = preSolution
		HideSolutionNode = FALSE
	EndGlobalSection
	GlobalSection(ExtensibilityGlobals) = postSolution
		SolutionGuid = {25F83116-C63B-4BC6-9819-0DD0ED8E4F51}
	EndGlobalSection
EndGlobal
