
Microsoft Visual Studio Solution File, Format Version 12.00
# Visual Studio Version 16
VisualStudioVersion = 16.0.31911.196
MinimumVisualStudioVersion = 10.0.40219.1
Project("{FAE04EC0-301F-11D3-BF4B-00C04F79EFBC}") = "ClassEmployee", "ClassEmployee\ClassEmployee.csproj", "{5041A823-4B34-4F2D-8D05-735C9DE0F226}"
EndProject
Global
	GlobalSection(SolutionConfigurationPlatforms) = preSolution
		Debug|Any CPU = Debug|Any CPU
		Release|Any CPU = Release|Any CPU
	EndGlobalSection
	GlobalSection(ProjectConfigurationPlatforms) = postSolution
		{5041A823-4B34-4F2D-8D05-735C9DE0F226}.Debug|Any CPU.ActiveCfg = Debug|Any CPU
		{5041A823-4B34-4F2D-8D05-735C9DE0F226}.Debug|Any CPU.Build.0 = Debug|Any CPU
		{5041A823-4B34-4F2D-8D05-735C9DE0F226}.Release|Any CPU.ActiveCfg = Release|Any CPU
		{5041A823-4B34-4F2D-8D05-735C9DE0F226}.Release|Any CPU.Build.0 = Release|Any CPU
	EndGlobalSection
	GlobalSection(SolutionProperties) = preSolution
		HideSolutionNode = FALSE
	EndGlobalSection
	GlobalSection(ExtensibilityGlobals) = postSolution
		SolutionGuid = {E073C20A-75AC-42D2-A2F3-48D0AE0BDACF}
	EndGlobalSection
EndGlobal
